<?xml version="1.0" encoding="UTF-8" standalone="yes" ?>
<CodeBlocks_project_file>
	<FileVersion major="1" minor="6" />
	<Project>
		<Option title="Database" />
		<Option pch_mode="2" />
		<Option compiler="gcc" />
		<Build>
			<Target title="Debug">
				<Option output="bin/Debug/Database" prefix_auto="1" extension_auto="1" />
				<Option object_output="obj/Debug/" />
				<Option type="1" />
				<Option compiler="gcc" />
				<Option projectLinkerOptionsRelation="0" />
				<Compiler>
					<Add option="-std=c++14" />
					<Add option="-lboost_filesystem" />
					<Add directory="include" />
				</Compiler>
				<Linker>
					<Add option="-lgtest" />
					<Add option="-lboost_system" />
				</Linker>
			</Target>
			<Target title="Release">
				<Option output="bin/Release/Database" prefix_auto="1" extension_auto="1" />
				<Option object_output="obj/Release/" />
				<Option type="1" />
				<Option compiler="gcc" />
				<Compiler>
					<Add option="-O2" />
					<Add option="-std=c++14" />
					<Add option="-pthread" />
					<Add option="-lboost_filesystem" />
					<Add option="-DBOOST_NO_CXX11_SCOPED_ENUMS" />
					<Add option="-lboost_system" />
					<Add directory="include" />
				</Compiler>
				<Linker>
					<Add option="-s" />
					<Add option="-pthread" />
					<Add option="-lboost_system" />
				</Linker>
			</Target>
		</Build>
		<Compiler>
			<Add option="-Wall" />
			<Add option="-std=c++14" />
			<Add option="-pthread" />
			<Add option="-lboost_filesystem" />
			<Add option="-lboost_system" />
			<Add option="-fexceptions" />
		</Compiler>
		<Linker>
			<Add option="-pthread" />
			<Add option="-lboost_system" />
		</Linker>
		<Unit filename="include/Alive_Handler.h" />
		<Unit filename="include/Connection_Handler.h" />
		<Unit filename="include/Hybrid_TabHandler.h" />
		<Unit filename="include/Master_FHANDLER.h" />
		<Unit filename="include/Query_Parser.h" />
		<Unit filename="include/aliQueHandler.h" />
		<Unit filename="include/commonMeth.h" />
		<Unit filename="include/conAliHandler.h" />
		<Unit filename="include/functionAlive.h" />
		<Unit filename="include/functionConnector.h" />
		<Unit filename="include/functionQuery.h" />
		<Unit filename="include/paramDefinitions.h" />
		<Unit filename="main.cpp" />
		<Unit filename="src/Alive Handler/Alive_Handler.cpp" />
		<Unit filename="src/Alive Handler/functionAlive.cpp" />
		<Unit filename="src/Common/CM_TEST.cpp">
			<Option target="Debug" />
		</Unit>
		<Unit filename="src/Common/aliQueHandler.cpp" />
		<Unit filename="src/Common/commonMeth.cpp" />
		<Unit filename="src/Common/conAliHandler.cpp" />
		<Unit filename="src/Connection Handler/Connection_Handler.cpp" />
		<Unit filename="src/Connection Handler/functionConnector.cpp" />
		<Unit filename="src/Query Processor/Hybrid_TabHandler.cpp" />
		<Unit filename="src/Query Processor/Hybrid_TabTEST.cpp">
			<Option target="Debug" />
		</Unit>
		<Unit filename="src/Query Processor/Master_FHANDLER.cpp" />
		<Unit filename="src/Query Processor/Master_FTEST.cpp">
			<Option target="Debug" />
		</Unit>
		<Unit filename="src/Query Processor/Query_Parser.cpp" />
		<Unit filename="src/Query Processor/functionQuery.cpp" />
		<Extensions>
			<code_completion />
			<envvars />
			<debugger />
			<lib_finder disable_auto="1" />
		</Extensions>
	</Project>
</CodeBlocks_project_file>
